// !$*UTF8*$!
{
	archiveVersion = 1;
	classes = {
	};
	objectVersion = 50;
	objects = {

/* Begin PBXBuildFile section */
		B8155B712116DAA900FD0739 /* AppDelegate.m in Sources */ = {isa = PBXBuildFile; fileRef = B8155B702116DAA900FD0739 /* AppDelegate.m */; };
		B8155B772116DAA900FD0739 /* Main.storyboard in Resources */ = {isa = PBXBuildFile; fileRef = B8155B752116DAA900FD0739 /* Main.storyboard */; };
		B8155B792116DAAE00FD0739 /* Assets.xcassets in Resources */ = {isa = PBXBuildFile; fileRef = B8155B782116DAAE00FD0739 /* Assets.xcassets */; };
		B8155B7C2116DAAE00FD0739 /* LaunchScreen.storyboard in Resources */ = {isa = PBXBuildFile; fileRef = B8155B7A2116DAAE00FD0739 /* LaunchScreen.storyboard */; };
		B8155B7F2116DAAE00FD0739 /* main.m in Sources */ = {isa = PBXBuildFile; fileRef = B8155B7E2116DAAE00FD0739 /* main.m */; };
		B8155B8E2116DB9700FD0739 /* STMScriptMessageHandler.m in Sources */ = {isa = PBXBuildFile; fileRef = B8155B862116DB9600FD0739 /* STMScriptMessageHandler.m */; };
		B8155B8F2116DB9700FD0739 /* STMWebViewController.m in Sources */ = {isa = PBXBuildFile; fileRef = B8155B892116DB9600FD0739 /* STMWebViewController.m */; };
		B8155B902116DB9700FD0739 /* STMViewController.m in Sources */ = {isa = PBXBuildFile; fileRef = B8155B8B2116DB9700FD0739 /* STMViewController.m */; };
		B8155B912116DB9700FD0739 /* STMPageSetting.m in Sources */ = {isa = PBXBuildFile; fileRef = B8155B8C2116DB9700FD0739 /* STMPageSetting.m */; };
		B8155B922116DB9700FD0739 /* index.html in Resources */ = {isa = PBXBuildFile; fileRef = B8155B8D2116DB9700FD0739 /* index.html */; };
/* End PBXBuildFile section */

/* Begin PBXFileReference section */
		B8155B6C2116DAA900FD0739 /* STMWebViewController.app */ = {isa = PBXFileReference; explicitFileType = wrapper.application; includeInIndex = 0; path = STMWebViewController.app; sourceTree = BUILT_PRODUCTS_DIR; };
		B8155B6F2116DAA900FD0739 /* AppDelegate.h */ = {isa = PBXFileReference; lastKnownFileType = sourcecode.c.h; path = AppDelegate.h; sourceTree = "<group>"; };
		B8155B702116DAA900FD0739 /* AppDelegate.m */ = {isa = PBXFileReference; lastKnownFileType = sourcecode.c.objc; path = AppDelegate.m; sourceTree = "<group>"; };
		B8155B762116DAA900FD0739 /* Base */ = {isa = PBXFileReference; lastKnownFileType = file.storyboard; name = Base; path = Base.lproj/Main.storyboard; sourceTree = "<group>"; };
		B8155B782116DAAE00FD0739 /* Assets.xcassets */ = {isa = PBXFileReference; lastKnownFileType = folder.assetcatalog; path = Assets.xcassets; sourceTree = "<group>"; };
		B8155B7B2116DAAE00FD0739 /* Base */ = {isa = PBXFileReference; lastKnownFileType = file.storyboard; name = Base; path = Base.lproj/LaunchScreen.storyboard; sourceTree = "<group>"; };
		B8155B7D2116DAAE00FD0739 /* Info.plist */ = {isa = PBXFileReference; lastKnownFileType = text.plist.xml; path = Info.plist; sourceTree = "<group>"; };
		B8155B7E2116DAAE00FD0739 /* main.m */ = {isa = PBXFileReference; lastKnownFileType = sourcecode.c.objc; path = main.m; sourceTree = "<group>"; };
		B8155B862116DB9600FD0739 /* STMScriptMessageHandler.m */ = {isa = PBXFileReference; fileEncoding = 4; lastKnownFileType = sourcecode.c.objc; path = STMScriptMessageHandler.m; sourceTree = "<group>"; };
		B8155B872116DB9600FD0739 /* STMWebViewController.h */ = {isa = PBXFileReference; fileEncoding = 4; lastKnownFileType = sourcecode.c.h; path = STMWebViewController.h; sourceTree = "<group>"; };
		B8155B882116DB9600FD0739 /* STMScriptMessageHandler.h */ = {isa = PBXFileReference; fileEncoding = 4; lastKnownFileType = sourcecode.c.h; path = STMScriptMessageHandler.h; sourceTree = "<group>"; };
		B8155B892116DB9600FD0739 /* STMWebViewController.m */ = {isa = PBXFileReference; fileEncoding = 4; lastKnownFileType = sourcecode.c.objc; path = STMWebViewController.m; sourceTree = "<group>"; };
		B8155B8A2116DB9600FD0739 /* STMPageSetting.h */ = {isa = PBXFileReference; fileEncoding = 4; lastKnownFileType = sourcecode.c.h; path = STMPageSetting.h; sourceTree = "<group>"; };
		B8155B8B2116DB9700FD0739 /* STMViewController.m */ = {isa = PBXFileReference; fileEncoding = 4; lastKnownFileType = sourcecode.c.objc; path = STMViewController.m; sourceTree = "<group>"; };
		B8155B8C2116DB9700FD0739 /* STMPageSetting.m */ = {isa = PBXFileReference; fileEncoding = 4; lastKnownFileType = sourcecode.c.objc; path = STMPageSetting.m; sourceTree = "<group>"; };
		B8155B8D2116DB9700FD0739 /* index.html */ = {isa = PBXFileReference; fileEncoding = 4; lastKnownFileType = text.html; path = index.html; sourceTree = "<group>"; };
		B8155B952116DBF700FD0739 /* STMViewController.h */ = {isa = PBXFileReference; fileEncoding = 4; lastKnownFileType = sourcecode.c.h; path = STMViewController.h; sourceTree = "<group>"; };
/* End PBXFileReference section */

/* Begin PBXFrameworksBuildPhase section */
		B8155B692116DAA900FD0739 /* Frameworks */ = {
			isa = PBXFrameworksBuildPhase;
			buildActionMask = 2147483647;
			files = (
			);
			runOnlyForDeploymentPostprocessing = 0;
		};
/* End PBXFrameworksBuildPhase section */

/* Begin PBXGroup section */
		B8155B632116DAA900FD0739 = {
			isa = PBXGroup;
			children = (
				B8155B6E2116DAA900FD0739 /* STMWebViewController */,
				B8155B6D2116DAA900FD0739 /* Products */,
			);
			sourceTree = "<group>";
		};
		B8155B6D2116DAA900FD0739 /* Products */ = {
			isa = PBXGroup;
			children = (
				B8155B6C2116DAA900FD0739 /* STMWebViewController.app */,
			);
			name = Products;
			sourceTree = "<group>";
		};
		B8155B6E2116DAA900FD0739 /* STMWebViewController */ = {
			isa = PBXGroup;
			children = (
				B8155B852116DB9600FD0739 /* Source */,
				B8155B932116DBAA00FD0739 /* Demo */,
				B8155B752116DAA900FD0739 /* Main.storyboard */,
				B8155B782116DAAE00FD0739 /* Assets.xcassets */,
				B8155B7A2116DAAE00FD0739 /* LaunchScreen.storyboard */,
				B8155B7D2116DAAE00FD0739 /* Info.plist */,
				B8155B7E2116DAAE00FD0739 /* main.m */,
			);
			path = STMWebViewController;
			sourceTree = "<group>";
		};
		B8155B852116DB9600FD0739 /* Source */ = {
			isa = PBXGroup;
			children = (
				B8155B882116DB9600FD0739 /* STMScriptMessageHandler.h */,
				B8155B862116DB9600FD0739 /* STMScriptMessageHandler.m */,
				B8155B872116DB9600FD0739 /* STMWebViewController.h */,
				B8155B892116DB9600FD0739 /* STMWebViewController.m */,
			);
			path = Source;
			sourceTree = "<group>";
		};
		B8155B932116DBAA00FD0739 /* Demo */ = {
			isa = PBXGroup;
			children = (
				B8155B6F2116DAA900FD0739 /* AppDelegate.h */,
				B8155B702116DAA900FD0739 /* AppDelegate.m */,
				B8155B8A2116DB9600FD0739 /* STMPageSetting.h */,
				B8155B8C2116DB9700FD0739 /* STMPageSetting.m */,
				B8155B952116DBF700FD0739 /* STMViewController.h */,
				B8155B8B2116DB9700FD0739 /* STMViewController.m */,
				B8155B8D2116DB9700FD0739 /* index.html */,
			);
			path = Demo;
			sourceTree = "<group>";
		};
/* End PBXGroup section */

/* Begin PBXNativeTarget section */
		B8155B6B2116DAA900FD0739 /* STMWebViewController */ = {
			isa = PBXNativeTarget;
			buildConfigurationList = B8155B822116DAAE00FD0739 /* Build configuration list for PBXNativeTarget "STMWebViewController" */;
			buildPhases = (
				B8155B682116DAA900FD0739 /* Sources */,
				B8155B692116DAA900FD0739 /* Frameworks */,
				B8155B6A2116DAA900FD0739 /* Resources */,
			);
			buildRules = (
			);
			dependencies = (
			);
			name = STMWebViewController;
			productName = STMWebViewController;
			productReference = B8155B6C2116DAA900FD0739 /* STMWebViewController.app */;
			productType = "com.apple.product-type.application";
		};
/* End PBXNativeTarget section */

/* Begin PBXProject section */
		B8155B642116DAA900FD0739 /* Project object */ = {
			isa = PBXProject;
			attributes = {
				LastUpgradeCheck = 0940;
				TargetAttributes = {
					B8155B6B2116DAA900FD0739 = {
						CreatedOnToolsVersion = 9.4.1;
					};
				};
			};
			buildConfigurationList = B8155B672116DAA900FD0739 /* Build configuration list for PBXProject "STMWebViewController" */;
			compatibilityVersion = "Xcode 9.3";
			developmentRegion = en;
			hasScannedForEncodings = 0;
			knownRegions = (
				en,
				Base,
			);
			mainGroup = B8155B632116DAA900FD0739;
			productRefGroup = B8155B6D2116DAA900FD0739 /* Products */;
			projectDirPath = "";
			projectRoot = "";
			targets = (
				B8155B6B2116DAA900FD0739 /* STMWebViewController */,
			);
		};
/* End PBXProject section */

/* Begin PBXResourcesBuildPhase section */
		B8155B6A2116DAA900FD0739 /* Resources */ = {
			isa = PBXResourcesBuildPhase;
			buildActionMask = 2147483647;
			files = (
				B8155B7C2116DAAE00FD0739 /* LaunchScreen.storyboard in Resources */,
				B8155B922116DB9700FD0739 /* index.html in Resources */,
				B8155B792116DAAE00FD0739 /* Assets.xcassets in Resources */,
				B8155B772116DAA900FD0739 /* Main.storyboard in Resources */,
			);
			runOnlyForDeploymentPostprocessing = 0;
		};
/* End PBXResourcesBuildPhase section */

/* Begin PBXSourcesBuildPhase section */
		B8155B682116DAA900FD0739 /* Sources */ = {
			isa = PBXSourcesBuildPhase;
			buildActionMask = 2147483647;
			files = (
				B8155B8E2116DB9700FD0739 /* STMScriptMessageHandler.m in Sources */,
				B8155B912116DB9700FD0739 /* STMPageSetting.m in Sources */,
				B8155B902116DB9700FD0739 /* STMViewController.m in Sources */,
				B8155B8F2116DB9700FD0739 /* STMWebViewController.m in Sources */,
				B8155B7F2116DAAE00FD0739 /* main.m in Sources */,
				B8155B712116DAA900FD0739 /* AppDelegate.m in Sources */,
			);
			runOnlyForDeploymentPostprocessing = 0;
		};
/* End PBXSourcesBuildPhase section */

/* Begin PBXVariantGroup section */
		B8155B752116DAA900FD0739 /* Main.storyboard */ = {
			isa = PBXVariantGroup;
			children = (
				B8155B762116DAA900FD0739 /* Base */,
			);
			name = Main.storyboard;
			sourceTree = "<group>";
		};
		B8155B7A2116DAAE00FD0739 /* LaunchScreen.storyboard */ = {
			isa = PBXVariantGroup;
			children = (
				B8155B7B2116DAAE00FD0739 /* Base */,
			);
			name = LaunchScreen.storyboard;
			sourceTree = "<group>";
		};
/* End PBXVariantGroup section */

/* Begin XCBuildConfiguration section */
		B8155B802116DAAE00FD0739 /* Debug */ = {
			isa = XCBuildConfiguration;
			buildSettings = {
				ALWAYS_SEARCH_USER_PATHS = NO;
				CLANG_ANALYZER_NONNULL = YES;
				CLANG_ANALYZER_NUMBER_OBJECT_CONVERSION = YES_AGGRESSIVE;
				CLANG_CXX_LANGUAGE_STANDARD = "gnu++14";
				CLANG_CXX_LIBRARY = "libc++";
				CLANG_ENABLE_MODULES = YES;
				CLANG_ENABLE_OBJC_ARC = YES;
				CLANG_ENABLE_OBJC_WEAK = YES;
				CLANG_WARN_BLOCK_CAPTURE_AUTORELEASING = YES;
				CLANG_WARN_BOOL_CONVERSION = YES;
				CLANG_WARN_COMMA = YES;
				CLANG_WARN_CONSTANT_CONVERSION = YES;
				CLANG_WARN_DEPRECATED_OBJC_IMPLEMENTATIONS = YES;
				CLANG_WARN_DIRECT_OBJC_ISA_USAGE = YES_ERROR;
				CLANG_WARN_DOCUMENTATION_COMMENTS = YES;
				CLANG_WARN_EMPTY_BODY = YES;
				CLANG_WARN_ENUM_CONVERSION = YES;
				CLANG_WARN_INFINITE_RECURSION = YES;
				CLANG_WARN_INT_CONVERSION = YES;
				CLANG_WARN_NON_LITERAL_NULL_CONVERSION = YES;
				CLANG_WARN_OBJC_IMPLICIT_RETAIN_SELF = YES;
				CLANG_WARN_OBJC_LITERAL_CONVERSION = YES;
				CLANG_WARN_OBJC_ROOT_CLASS = YES_ERROR;
				CLANG_WARN_RANGE_LOOP_ANALYSIS = YES;
				CLANG_WARN_STRICT_PROTOTYPES = YES;
				CLANG_WARN_SUSPICIOUS_MOVE = YES;
				CLANG_WARN_UNGUARDED_AVAILABILITY = YES_AGGRESSIVE;
				CLANG_WARN_UNREACHABLE_CODE = YES;
				CLANG_WARN__DUPLICATE_METHOD_MATCH = YES;
				CODE_SIGN_IDENTITY = "iPhone Developer";
				COPY_PHASE_STRIP = NO;
				DEBUG_INFORMATION_FORMAT = dwarf;
				ENABLE_STRICT_OBJC_MSGSEND = YES;
				ENABLE_TESTABILITY = YES;
				GCC_C_LANGUAGE_STANDARD = gnu11;
				GCC_DYNAMIC_NO_PIC = NO;
				GCC_NO_COMMON_BLOCKS = YES;
				GCC_OPTIMIZATION_LEVEL = 0;
				GCC_PREPROCESSOR_DEFINITIONS = (
					"DEBUG=1",
					"$(inherited)",
				);
				GCC_WARN_64_TO_32_BIT_CONVERSION = YES;
				GCC_WARN_ABOUT_RETURN_TYPE = YES_ERROR;
				GCC_WARN_UNDECLARED_SELECTOR = YES;
				GCC_WARN_UNINITIALIZED_AUTOS = YES_AGGRESSIVE;
				GCC_WARN_UNUSED_FUNCTION = YES;
				GCC_WARN_UNUSED_VARIABLE = YES;
				IPHONEOS_DEPLOYMENT_TARGET = 11.4;
				MTL_ENABLE_DEBUG_INFO = YES;
				ONLY_ACTIVE_ARCH = YES;
				SDKROOT = iphoneos;
			};
			name = Debug;
		};
		B8155B812116DAAE00FD0739 /* Release */ = {
			isa = XCBuildConfiguration;
			buildSettings = {
				ALWAYS_SEARCH_USER_PATHS = NO;
				CLANG_ANALYZER_NONNULL = YES;
				CLANG_ANALYZER_NUMBER_OBJECT_CONVERSION = YES_AGGRESSIVE;
				CLANG_CXX_LANGUAGE_STANDARD = "gnu++14";
				CLANG_CXX_LIBRARY = "libc++";
				CLANG_ENABLE_MODULES = YES;
				CLANG_ENABLE_OBJC_ARC = YES;
				CLANG_ENABLE_OBJC_WEAK = YES;
				CLANG_WARN_BLOCK_CAPTURE_AUTORELEASING = YES;
				CLANG_WARN_BOOL_CONVERSION = YES;
				CLANG_WARN_COMMA = YES;
				CLANG_WARN_CONSTANT_CONVERSION = YES;
				CLANG_WARN_DEPRECATED_OBJC_IMPLEMENTATIONS = YES;
				CLANG_WARN_DIRECT_OBJC_ISA_USAGE = YES_ERROR;
				CLANG_WARN_DOCUMENTATION_COMMENTS = YES;
				CLANG_WARN_EMPTY_BODY = YES;
				CLANG_WARN_ENUM_CONVERSION = YES;
				CLANG_WARN_INFINITE_RECURSION = YES;
				CLANG_WARN_INT_CONVERSION = YES;
				CLANG_WARN_NON_LITERAL_NULL_CONVERSION = YES;
				CLANG_WARN_OBJC_IMPLICIT_RETAIN_SELF = YES;
				CLANG_WARN_OBJC_LITERAL_CONVERSION = YES;
				CLANG_WARN_OBJC_ROOT_CLASS = YES_ERROR;
				CLANG_WARN_RANGE_LOOP_ANALYSIS = YES;
				CLANG_WARN_STRICT_PROTOTYPES = YES;
				CLANG_WARN_SUSPICIOUS_MOVE = YES;
				CLANG_WARN_UNGUARDED_AVAILABILITY = YES_AGGRESSIVE;
				CLANG_WARN_UNREACHABLE_CODE = YES;
				CLANG_WARN__DUPLICATE_METHOD_MATCH = YES;
				CODE_SIGN_IDENTITY = "iPhone Developer";
				COPY_PHASE_STRIP = NO;
				DEBUG_INFORMATION_FORMAT = "dwarf-with-dsym";
				ENABLE_NS_ASSERTIONS = NO;
				ENABLE_STRICT_OBJC_MSGSEND = YES;
				GCC_C_LANGUAGE_STANDARD = gnu11;
				GCC_NO_COMMON_BLOCKS = YES;
				GCC_WARN_64_TO_32_BIT_CONVERSION = YES;
				GCC_WARN_ABOUT_RETURN_TYPE = YES_ERROR;
				GCC_WARN_UNDECLARED_SELECTOR = YES;
				GCC_WARN_UNINITIALIZED_AUTOS = YES_AGGRESSIVE;
				GCC_WARN_UNUSED_FUNCTION = YES;
				GCC_WARN_UNUSED_VARIABLE = YES;
				IPHONEOS_DEPLOYMENT_TARGET = 11.4;
				MTL_ENABLE_DEBUG_INFO = NO;
				SDKROOT = iphoneos;
				VALIDATE_PRODUCT = YES;
			};
			name = Release;
		};
		B8155B832116DAAE00FD0739 /* Debug */ = {
			isa = XCBuildConfiguration;
			buildSettings = {
				ASSETCATALOG_COMPILER_APPICON_NAME = AppIcon;
				CODE_SIGN_STYLE = Automatic;
				INFOPLIST_FILE = STMWebViewController/Info.plist;
				IPHONEOS_DEPLOYMENT_TARGET = 8.0;
				LD_RUNPATH_SEARCH_PATHS = (
					"$(inherited)",
					"@executable_path/Frameworks",
				);
				PRODUCT_BUNDLE_IDENTIFIER = DouKing.STMWebViewController;
				PRODUCT_NAME = "$(TARGET_NAME)";
				TARGETED_DEVICE_FAMILY = "1,2";
			};
			name = Debug;
		};
		B8155B842116DAAE00FD0739 /* Release */ = {
			isa = XCBuildConfiguration;
			buildSettings = {
				ASSETCATALOG_COMPILER_APPICON_NAME = AppIcon;
				CODE_SIGN_STYLE = Automatic;
				INFOPLIST_FILE = STMWebViewController/Info.plist;
				IPHONEOS_DEPLOYMENT_TARGET = 8.0;
				LD_RUNPATH_SEARCH_PATHS = (
					"$(inherited)",
					"@executable_path/Frameworks",
				);
				PRODUCT_BUNDLE_IDENTIFIER = DouKing.STMWebViewController;
				PRODUCT_NAME = "$(TARGET_NAME)";
				TARGETED_DEVICE_FAMILY = "1,2";
			};
			name = Release;
		};
/* End XCBuildConfiguration section */

/* Begin XCConfigurationList section */
		B8155B672116DAA900FD0739 /* Build configuration list for PBXProject "STMWebViewController" */ = {
			isa = XCConfigurationList;
			buildConfigurations = (
				B8155B802116DAAE00FD0739 /* Debug */,
				B8155B812116DAAE00FD0739 /* Release */,
			);
			defaultConfigurationIsVisible = 0;
			defaultConfigurationName = Release;
		};
		B8155B822116DAAE00FD0739 /* Build configuration list for PBXNativeTarget "STMWebViewController" */ = {
			isa = XCConfigurationList;
			buildConfigurations = (
				B8155B832116DAAE00FD0739 /* Debug */,
				B8155B842116DAAE00FD0739 /* Release */,
			);
			defaultConfigurationIsVisible = 0;
			defaultConfigurationName = Release;
		};
/* End XCConfigurationList section */
	};
	rootObject = B8155B642116DAA900FD0739 /* Project object */;
}
